
Microsoft Visual Studio Solution File, Format Version 12.00
# Visual Studio Version 17
VisualStudioVersion = 17.11.35327.3
MinimumVisualStudioVersion = 10.0.40219.1
Project("{FAE04EC0-301F-11D3-BF4B-00C04F79EFBC}") = "MyProductivityManager", "MyProductivityManager\MyProductivityManager.csproj", "{45B99DA0-623D-4930-AD57-F637871058E0}"
EndProject
Global
	GlobalSection(SolutionConfigurationPlatforms) = preSolution
		Debug|Any CPU = Debug|Any CPU
		Release|Any CPU = Release|Any CPU
	EndGlobalSection
	GlobalSection(ProjectConfigurationPlatforms) = postSolution
		{45B99DA0-623D-4930-AD57-F637871058E0}.Debug|Any CPU.ActiveCfg = Debug|Any CPU
		{45B99DA0-623D-4930-AD57-F637871058E0}.Debug|Any CPU.Build.0 = Debug|Any CPU
		{45B99DA0-623D-4930-AD57-F637871058E0}.Release|Any CPU.ActiveCfg = Release|Any CPU
		{45B99DA0-623D-4930-AD57-F637871058E0}.Release|Any CPU.Build.0 = Release|Any CPU
	EndGlobalSection
	GlobalSection(SolutionProperties) = preSolution
		HideSolutionNode = FALSE
	EndGlobalSection
	GlobalSection(ExtensibilityGlobals) = postSolution
		SolutionGuid = {523427C8-FBF1-453A-8F9F-E7728569BC40}
	EndGlobalSection
EndGlobal
